
Microsoft Visual Studio Solution File, Format Version 12.00
# Visual Studio Version 16
VisualStudioVersion = 16.0.30413.136
MinimumVisualStudioVersion = 10.0.40219.1
Project("{9A19103F-16F7-4668-BE54-9A1E7A4F7556}") = "Actividad1 Paso de Parametros", "Actividad1 Paso de Parametros\Actividad1 Paso de Parametros.csproj", "{1A3E086C-6DAE-4863-908A-E8452C2191B3}"
EndProject
Project("{FAE04EC0-301F-11D3-BF4B-00C04F79EFBC}") = "Actividad 2 Conexion a BD", "Actividad 2 Conexion a BD\Actividad 2 Conexion a BD.csproj", "{DDA7D7E2-8003-4FE3-8AF2-DFAB50D7C992}"
EndProject
Global
	GlobalSection(SolutionConfigurationPlatforms) = preSolution
		Debug|Any CPU = Debug|Any CPU
		Release|Any CPU = Release|Any CPU
	EndGlobalSection
	GlobalSection(ProjectConfigurationPlatforms) = postSolution
		{1A3E086C-6DAE-4863-908A-E8452C2191B3}.Debug|Any CPU.ActiveCfg = Debug|Any CPU
		{1A3E086C-6DAE-4863-908A-E8452C2191B3}.Debug|Any CPU.Build.0 = Debug|Any CPU
		{1A3E086C-6DAE-4863-908A-E8452C2191B3}.Release|Any CPU.ActiveCfg = Release|Any CPU
		{1A3E086C-6DAE-4863-908A-E8452C2191B3}.Release|Any CPU.Build.0 = Release|Any CPU
		{DDA7D7E2-8003-4FE3-8AF2-DFAB50D7C992}.Debug|Any CPU.ActiveCfg = Debug|Any CPU
		{DDA7D7E2-8003-4FE3-8AF2-DFAB50D7C992}.Debug|Any CPU.Build.0 = Debug|Any CPU
		{DDA7D7E2-8003-4FE3-8AF2-DFAB50D7C992}.Release|Any CPU.ActiveCfg = Release|Any CPU
		{DDA7D7E2-8003-4FE3-8AF2-DFAB50D7C992}.Release|Any CPU.Build.0 = Release|Any CPU
	EndGlobalSection
	GlobalSection(SolutionProperties) = preSolution
		HideSolutionNode = FALSE
	EndGlobalSection
	GlobalSection(ExtensibilityGlobals) = postSolution
		SolutionGuid = {B9157030-840F-4C8D-BDD8-F003A7403C1F}
	EndGlobalSection
EndGlobal
